
Microsoft Visual Studio Solution File, Format Version 12.00
#
Project("{2150E333-8FDC-42A3-9474-1A3956D46DE8}") = "gateways", "gateways", "{92A48486-F208-4F51-85DF-CB615E8615A1}"
EndProject
Project("{FAE04EC0-301F-11D3-BF4B-00C04F79EFBC}") = "MobileGateway", "gateways\MobileGateway\MobileGateway.csproj", "{113D66DF-794E-4F45-BD6E-D80D0911CA19}"
EndProject
Project("{2150E333-8FDC-42A3-9474-1A3956D46DE8}") = "services", "services", "{EA3890E5-8F90-4876-92E3-E40DB09850C9}"
EndProject
Project("{FAE04EC0-301F-11D3-BF4B-00C04F79EFBC}") = "AttendanceService", "services\AttendanceService\AttendanceService.csproj", "{779549A9-AB38-4731-ACA5-F767E2C0193E}"
EndProject
Project("{FAE04EC0-301F-11D3-BF4B-00C04F79EFBC}") = "StudentService", "services\StudentService\StudentService.csproj", "{046BB8E6-C794-4717-82A6-FCFD10CB9247}"
EndProject
Project("{2150E333-8FDC-42A3-9474-1A3956D46DE8}") = "shared", "shared", "{4939A644-92ED-4171-B385-D8B331145ED1}"
EndProject
Project("{FAE04EC0-301F-11D3-BF4B-00C04F79EFBC}") = "ApplicationBase", "shared\ApplicationBase\ApplicationBase.csproj", "{A129B74B-2C57-4ED5-8991-F0BE389A6B56}"
EndProject
Project("{FAE04EC0-301F-11D3-BF4B-00C04F79EFBC}") = "Contracts", "shared\Contracts\Contracts.csproj", "{E8E91658-11E9-4563-9452-A11712487DD6}"
EndProject
Project("{2150E333-8FDC-42A3-9474-1A3956D46DE8}") = "Solution Items", "Solution Items", "{D4825439-16FD-48A7-9444-E4A1999D1B49}"
	ProjectSection(SolutionItems) = preProject
		docker-compose.yml = docker-compose.yml
		.gitignore = .gitignore
		nginx.conf = nginx.conf
	EndProjectSection
EndProject
Project("{FAE04EC0-301F-11D3-BF4B-00C04F79EFBC}") = "OWAdministrativeService", "services\OWAdministrativeService\OWAdministrativeService.csproj", "{BCA4D260-FFE0-455B-8009-DA77E5255D69}"
EndProject
Project("{FAE04EC0-301F-11D3-BF4B-00C04F79EFBC}") = "NotificationService", "services\NotificationService\NotificationService.csproj", "{A9967BFA-D287-48F0-838F-0A901EC5E46F}"
EndProject
Project("{FAE04EC0-301F-11D3-BF4B-00C04F79EFBC}") = "P7Gateway", "gateways\P7Gateway\P7Gateway.csproj", "{510C8151-28DF-4126-8801-F9F9202F11AE}"
EndProject
Project("{FAE04EC0-301F-11D3-BF4B-00C04F79EFBC}") = "TeacherGateway", "gateways\TeacherGateway\TeacherGateway.csproj", "{C6D43795-70D5-4397-8C8B-1CF7C92C7B1A}"
EndProject
Global
	GlobalSection(SolutionConfigurationPlatforms) = preSolution
		Debug|Any CPU = Debug|Any CPU
		Release|Any CPU = Release|Any CPU
	EndGlobalSection
	GlobalSection(ProjectConfigurationPlatforms) = postSolution
		{113D66DF-794E-4F45-BD6E-D80D0911CA19}.Debug|Any CPU.ActiveCfg = Debug|Any CPU
		{113D66DF-794E-4F45-BD6E-D80D0911CA19}.Debug|Any CPU.Build.0 = Debug|Any CPU
		{113D66DF-794E-4F45-BD6E-D80D0911CA19}.Release|Any CPU.ActiveCfg = Release|Any CPU
		{113D66DF-794E-4F45-BD6E-D80D0911CA19}.Release|Any CPU.Build.0 = Release|Any CPU
		{779549A9-AB38-4731-ACA5-F767E2C0193E}.Debug|Any CPU.ActiveCfg = Debug|Any CPU
		{779549A9-AB38-4731-ACA5-F767E2C0193E}.Debug|Any CPU.Build.0 = Debug|Any CPU
		{779549A9-AB38-4731-ACA5-F767E2C0193E}.Release|Any CPU.ActiveCfg = Release|Any CPU
		{779549A9-AB38-4731-ACA5-F767E2C0193E}.Release|Any CPU.Build.0 = Release|Any CPU
		{046BB8E6-C794-4717-82A6-FCFD10CB9247}.Debug|Any CPU.ActiveCfg = Debug|Any CPU
		{046BB8E6-C794-4717-82A6-FCFD10CB9247}.Debug|Any CPU.Build.0 = Debug|Any CPU
		{046BB8E6-C794-4717-82A6-FCFD10CB9247}.Release|Any CPU.ActiveCfg = Release|Any CPU
		{046BB8E6-C794-4717-82A6-FCFD10CB9247}.Release|Any CPU.Build.0 = Release|Any CPU
		{A129B74B-2C57-4ED5-8991-F0BE389A6B56}.Debug|Any CPU.ActiveCfg = Debug|Any CPU
		{A129B74B-2C57-4ED5-8991-F0BE389A6B56}.Debug|Any CPU.Build.0 = Debug|Any CPU
		{A129B74B-2C57-4ED5-8991-F0BE389A6B56}.Release|Any CPU.ActiveCfg = Release|Any CPU
		{A129B74B-2C57-4ED5-8991-F0BE389A6B56}.Release|Any CPU.Build.0 = Release|Any CPU
		{E8E91658-11E9-4563-9452-A11712487DD6}.Debug|Any CPU.ActiveCfg = Debug|Any CPU
		{E8E91658-11E9-4563-9452-A11712487DD6}.Debug|Any CPU.Build.0 = Debug|Any CPU
		{E8E91658-11E9-4563-9452-A11712487DD6}.Release|Any CPU.ActiveCfg = Release|Any CPU
		{E8E91658-11E9-4563-9452-A11712487DD6}.Release|Any CPU.Build.0 = Release|Any CPU
		{BCA4D260-FFE0-455B-8009-DA77E5255D69}.Debug|Any CPU.ActiveCfg = Debug|Any CPU
		{BCA4D260-FFE0-455B-8009-DA77E5255D69}.Debug|Any CPU.Build.0 = Debug|Any CPU
		{BCA4D260-FFE0-455B-8009-DA77E5255D69}.Release|Any CPU.ActiveCfg = Release|Any CPU
		{BCA4D260-FFE0-455B-8009-DA77E5255D69}.Release|Any CPU.Build.0 = Release|Any CPU
		{A9967BFA-D287-48F0-838F-0A901EC5E46F}.Debug|Any CPU.ActiveCfg = Debug|Any CPU
		{A9967BFA-D287-48F0-838F-0A901EC5E46F}.Debug|Any CPU.Build.0 = Debug|Any CPU
		{A9967BFA-D287-48F0-838F-0A901EC5E46F}.Release|Any CPU.ActiveCfg = Release|Any CPU
		{A9967BFA-D287-48F0-838F-0A901EC5E46F}.Release|Any CPU.Build.0 = Release|Any CPU
		{510C8151-28DF-4126-8801-F9F9202F11AE}.Debug|Any CPU.ActiveCfg = Debug|Any CPU
		{510C8151-28DF-4126-8801-F9F9202F11AE}.Debug|Any CPU.Build.0 = Debug|Any CPU
		{510C8151-28DF-4126-8801-F9F9202F11AE}.Release|Any CPU.ActiveCfg = Release|Any CPU
		{510C8151-28DF-4126-8801-F9F9202F11AE}.Release|Any CPU.Build.0 = Release|Any CPU
		{C6D43795-70D5-4397-8C8B-1CF7C92C7B1A}.Debug|Any CPU.ActiveCfg = Debug|Any CPU
		{C6D43795-70D5-4397-8C8B-1CF7C92C7B1A}.Debug|Any CPU.Build.0 = Debug|Any CPU
		{C6D43795-70D5-4397-8C8B-1CF7C92C7B1A}.Release|Any CPU.ActiveCfg = Release|Any CPU
		{C6D43795-70D5-4397-8C8B-1CF7C92C7B1A}.Release|Any CPU.Build.0 = Release|Any CPU
	EndGlobalSection
	GlobalSection(NestedProjects) = preSolution
		{113D66DF-794E-4F45-BD6E-D80D0911CA19} = {92A48486-F208-4F51-85DF-CB615E8615A1}
		{779549A9-AB38-4731-ACA5-F767E2C0193E} = {EA3890E5-8F90-4876-92E3-E40DB09850C9}
		{046BB8E6-C794-4717-82A6-FCFD10CB9247} = {EA3890E5-8F90-4876-92E3-E40DB09850C9}
		{A129B74B-2C57-4ED5-8991-F0BE389A6B56} = {4939A644-92ED-4171-B385-D8B331145ED1}
		{E8E91658-11E9-4563-9452-A11712487DD6} = {4939A644-92ED-4171-B385-D8B331145ED1}
		{BCA4D260-FFE0-455B-8009-DA77E5255D69} = {EA3890E5-8F90-4876-92E3-E40DB09850C9}
		{A9967BFA-D287-48F0-838F-0A901EC5E46F} = {EA3890E5-8F90-4876-92E3-E40DB09850C9}
		{510C8151-28DF-4126-8801-F9F9202F11AE} = {92A48486-F208-4F51-85DF-CB615E8615A1}
		{C6D43795-70D5-4397-8C8B-1CF7C92C7B1A} = {92A48486-F208-4F51-85DF-CB615E8615A1}
	EndGlobalSection
EndGlobal
